<?xml version="1.0" encoding="utf-8"?>
<Project ToolsVersion="4.0" xmlns="http://schemas.microsoft.com/developer/msbuild/2003">
  <ItemGroup>
    <ClCompile Include="GRAPHIC.cpp">
      <Filter>SYSTEM</Filter>
    </ClCompile>
    <ClCompile Include="stb_image.cpp">
      <Filter>SYSTEM</Filter>
    </ClCompile>
    <ClCompile Include="WINDOW.cpp">
      <Filter>SYSTEM</Filter>
    </ClCompile>
    <ClCompile Include="pch.cpp">
      <Filter>SYSTEM</Filter>
    </ClCompile>
    <ClCompile Include="MATRIX.cpp">
      <Filter>MATH</Filter>
    </ClCompile>
    <ClCompile Include="FLOAT3.cpp">
      <Filter>MATH</Filter>
    </ClCompile>
    <ClCompile Include="FILE_BUFFER.cpp">
      <Filter>SYSTEM</Filter>
    </ClCompile>
    <ClCompile Include="STATIC_MESH.cpp">
      <Filter>CONTAINER</Filter>
    </ClCompile>
    <ClCompile Include="primitive.cpp" />
  </ItemGroup>
  <ItemGroup>
    <ClInclude Include="d3dx12.h">
      <Filter>SYSTEM</Filter>
    </ClInclude>
    <ClInclude Include="GRAPHIC.h">
      <Filter>SYSTEM</Filter>
    </ClInclude>
    <ClInclude Include="SHADER_RESOURCE.h">
      <Filter>SYSTEM</Filter>
    </ClInclude>
    <ClInclude Include="stb_image.h">
      <Filter>SYSTEM</Filter>
    </ClInclude>
    <ClInclude Include="WARNING.h">
      <Filter>SYSTEM</Filter>
    </ClInclude>
    <ClInclude Include="WINDOW.h">
      <Filter>SYSTEM</Filter>
    </ClInclude>
    <ClInclude Include="pch.h">
      <Filter>SYSTEM</Filter>
    </ClInclude>
    <ClInclude Include="FLOAT4.h">
      <Filter>MATH</Filter>
    </ClInclude>
    <ClInclude Include="MATRIX.h">
      <Filter>MATH</Filter>
    </ClInclude>
    <ClInclude Include="QUATERNION.h">
      <Filter>MATH</Filter>
    </ClInclude>
    <ClInclude Include="FLOAT3.h">
      <Filter>MATH</Filter>
    </ClInclude>
    <ClInclude Include="FILE_BUFFER.h">
      <Filter>SYSTEM</Filter>
    </ClInclude>
    <ClInclude Include="STATIC_MESH.h">
      <Filter>CONTAINER</Filter>
    </ClInclude>
    <ClInclude Include="primitive.h" />
  </ItemGroup>
  <ItemGroup>
    <FxCompile Include="LambertPS.hlsl">
      <Filter>SHADER</Filter>
    </FxCompile>
    <FxCompile Include="LambertVS.hlsl">
      <Filter>SHADER</Filter>
    </FxCompile>
  </ItemGroup>
  <ItemGroup>
    <Filter Include="SYSTEM">
      <UniqueIdentifier>{b62b854c-97d9-4e46-80f3-cd9046d43dca}</UniqueIdentifier>
    </Filter>
    <Filter Include="SHADER">
      <UniqueIdentifier>{ae06fb18-63ec-4ed3-ab12-2fc4c96b2c44}</UniqueIdentifier>
    </Filter>
    <Filter Include="MATH">
      <UniqueIdentifier>{a41c292e-674a-4846-8401-f766acc65941}</UniqueIdentifier>
    </Filter>
    <Filter Include="CONTAINER">
      <UniqueIdentifier>{09076d14-71da-4382-beab-6d60d1fbf830}</UniqueIdentifier>
    </Filter>
  </ItemGroup>
  <ItemGroup>
    <None Include="Root.hlsli">
      <Filter>SHADER</Filter>
    </None>
  </ItemGroup>
</Project>